
Microsoft Visual Studio Solution File, Format Version 12.00
Project("{FAE04EC0-301F-11D3-BF4B-00C04F79EFBC}") = "Advent2022", "Advent2022.csproj", "{76431DC1-93D9-488F-B386-035CC9D68AAD}"
EndProject
Global
	GlobalSection(SolutionConfigurationPlatforms) = preSolution
		Debug|Any CPU = Debug|Any CPU
		Release|Any CPU = Release|Any CPU
	EndGlobalSection
	GlobalSection(ProjectConfigurationPlatforms) = postSolution
		{76431DC1-93D9-488F-B386-035CC9D68AAD}.Debug|Any CPU.ActiveCfg = Debug|Any CPU
		{76431DC1-93D9-488F-B386-035CC9D68AAD}.Debug|Any CPU.Build.0 = Debug|Any CPU
		{76431DC1-93D9-488F-B386-035CC9D68AAD}.Release|Any CPU.ActiveCfg = Release|Any CPU
		{76431DC1-93D9-488F-B386-035CC9D68AAD}.Release|Any CPU.Build.0 = Release|Any CPU
	EndGlobalSection
EndGlobal
